
Microsoft Visual Studio Solution File, Format Version 12.00
# Visual Studio Version 17
VisualStudioVersion = 17.7.34221.43
MinimumVisualStudioVersion = 10.0.40219.1
Project("{9A19103F-16F7-4668-BE54-9A1E7A4F7556}") = "ok_lockless_queue", "okLocklessQueue.csproj", "{80BF24C9-C5B2-41B0-8BA3-FE2E8DB44985}"
EndProject
Global
	GlobalSection(SolutionConfigurationPlatforms) = preSolution
		Debug|Any CPU = Debug|Any CPU
		Release|Any CPU = Release|Any CPU
	EndGlobalSection
	GlobalSection(ProjectConfigurationPlatforms) = postSolution
		{80BF24C9-C5B2-41B0-8BA3-FE2E8DB44985}.Debug|Any CPU.ActiveCfg = Debug|Any CPU
		{80BF24C9-C5B2-41B0-8BA3-FE2E8DB44985}.Debug|Any CPU.Build.0 = Debug|Any CPU
		{80BF24C9-C5B2-41B0-8BA3-FE2E8DB44985}.Release|Any CPU.ActiveCfg = Release|Any CPU
		{80BF24C9-C5B2-41B0-8BA3-FE2E8DB44985}.Release|Any CPU.Build.0 = Release|Any CPU
	EndGlobalSection
	GlobalSection(SolutionProperties) = preSolution
		HideSolutionNode = FALSE
	EndGlobalSection
	GlobalSection(ExtensibilityGlobals) = postSolution
		SolutionGuid = {6236E1F9-42AC-4C26-8678-1C037D92FACC}
	EndGlobalSection
EndGlobal
